
Microsoft Visual Studio Solution File, Format Version 12.00
# Visual Studio 15
VisualStudioVersion = 15.0.27130.2027
MinimumVisualStudioVersion = 10.0.40219.1
Project("{FAE04EC0-301F-11D3-BF4B-00C04F79EFBC}") = "Authentication.Options.Basic", "Authentication.Options.Basic\Authentication.Options.Basic.csproj", "{6CF47AE8-5F0F-438B-ACEA-3CCD9C4FF319}"
EndProject
Project("{FAE04EC0-301F-11D3-BF4B-00C04F79EFBC}") = "Authentication.Options.Token", "Authentication.Options.Token\Authentication.Options.Token.csproj", "{1CF3D757-DA6D-493D-873A-387A07C3C8CA}"
EndProject
Project("{FAE04EC0-301F-11D3-BF4B-00C04F79EFBC}") = "Authentication.Options.Jwt", "Authentication.Options.Jwt\Authentication.Options.Jwt.csproj", "{2069634E-E52C-4F11-8F3D-F29CAF60A4F5}"
EndProject
Global
	GlobalSection(SolutionConfigurationPlatforms) = preSolution
		Debug|Any CPU = Debug|Any CPU
		Release|Any CPU = Release|Any CPU
	EndGlobalSection
	GlobalSection(ProjectConfigurationPlatforms) = postSolution
		{6CF47AE8-5F0F-438B-ACEA-3CCD9C4FF319}.Debug|Any CPU.ActiveCfg = Debug|Any CPU
		{6CF47AE8-5F0F-438B-ACEA-3CCD9C4FF319}.Debug|Any CPU.Build.0 = Debug|Any CPU
		{6CF47AE8-5F0F-438B-ACEA-3CCD9C4FF319}.Release|Any CPU.ActiveCfg = Release|Any CPU
		{6CF47AE8-5F0F-438B-ACEA-3CCD9C4FF319}.Release|Any CPU.Build.0 = Release|Any CPU
		{1CF3D757-DA6D-493D-873A-387A07C3C8CA}.Debug|Any CPU.ActiveCfg = Debug|Any CPU
		{1CF3D757-DA6D-493D-873A-387A07C3C8CA}.Debug|Any CPU.Build.0 = Debug|Any CPU
		{1CF3D757-DA6D-493D-873A-387A07C3C8CA}.Release|Any CPU.ActiveCfg = Release|Any CPU
		{1CF3D757-DA6D-493D-873A-387A07C3C8CA}.Release|Any CPU.Build.0 = Release|Any CPU
		{2069634E-E52C-4F11-8F3D-F29CAF60A4F5}.Debug|Any CPU.ActiveCfg = Debug|Any CPU
		{2069634E-E52C-4F11-8F3D-F29CAF60A4F5}.Debug|Any CPU.Build.0 = Debug|Any CPU
		{2069634E-E52C-4F11-8F3D-F29CAF60A4F5}.Release|Any CPU.ActiveCfg = Release|Any CPU
		{2069634E-E52C-4F11-8F3D-F29CAF60A4F5}.Release|Any CPU.Build.0 = Release|Any CPU
	EndGlobalSection
	GlobalSection(SolutionProperties) = preSolution
		HideSolutionNode = FALSE
	EndGlobalSection
	GlobalSection(ExtensibilityGlobals) = postSolution
		SolutionGuid = {DB7630CB-575D-47E0-9979-41D237A58E45}
	EndGlobalSection
EndGlobal
